
Microsoft Visual Studio Solution File, Format Version 12.00
# Visual Studio Version 16
VisualStudioVersion = 16.0.31313.79
MinimumVisualStudioVersion = 10.0.40219.1
Project("{FAE04EC0-301F-11D3-BF4B-00C04F79EFBC}") = "OrdersStore.UWP", "OrdersStore\OrdersStore.UWP\OrdersStore.UWP.csproj", "{A53AE314-C3BA-4E15-AAC0-09AC6586606C}"
EndProject
Project("{FAE04EC0-301F-11D3-BF4B-00C04F79EFBC}") = "OrdersStore.Android", "OrdersStore\OrdersStore.Android\OrdersStore.Android.csproj", "{A938BDDB-B12A-49B9-AD85-7BC62E9E7ECF}"
EndProject
Project("{FAE04EC0-301F-11D3-BF4B-00C04F79EFBC}") = "OrdersStore.iOS", "OrdersStore\OrdersStore.iOS\OrdersStore.iOS.csproj", "{DDABDA75-DCAD-48C2-87A3-A1981BEA6782}"
EndProject
Project("{FAE04EC0-301F-11D3-BF4B-00C04F79EFBC}") = "OrdersStore", "OrdersStore\OrdersStore\OrdersStore.csproj", "{5A0D422F-AA12-480F-8D42-ED8C3A2EB94C}"
EndProject
Project("{9A19103F-16F7-4668-BE54-9A1E7A4F7556}") = "OrdersStoreCleanArchitecture", "OrdersStore\OrdersStoreCleanArchitecture\OrdersStoreCleanArchitecture.csproj", "{EDD63903-2BE7-460C-9543-13AF3384B5BB}"
EndProject
Global
	GlobalSection(SolutionConfigurationPlatforms) = preSolution
		Debug|Any CPU = Debug|Any CPU
		Debug|ARM = Debug|ARM
		Debug|iPhone = Debug|iPhone
		Debug|iPhoneSimulator = Debug|iPhoneSimulator
		Debug|x64 = Debug|x64
		Debug|x86 = Debug|x86
		Release|Any CPU = Release|Any CPU
		Release|ARM = Release|ARM
		Release|iPhone = Release|iPhone
		Release|iPhoneSimulator = Release|iPhoneSimulator
		Release|x64 = Release|x64
		Release|x86 = Release|x86
	EndGlobalSection
	GlobalSection(ProjectConfigurationPlatforms) = postSolution
		{A53AE314-C3BA-4E15-AAC0-09AC6586606C}.Debug|Any CPU.ActiveCfg = Debug|x86
		{A53AE314-C3BA-4E15-AAC0-09AC6586606C}.Debug|Any CPU.Build.0 = Debug|x86
		{A53AE314-C3BA-4E15-AAC0-09AC6586606C}.Debug|Any CPU.Deploy.0 = Debug|x86
		{A53AE314-C3BA-4E15-AAC0-09AC6586606C}.Debug|ARM.ActiveCfg = Debug|ARM
		{A53AE314-C3BA-4E15-AAC0-09AC6586606C}.Debug|ARM.Build.0 = Debug|ARM
		{A53AE314-C3BA-4E15-AAC0-09AC6586606C}.Debug|ARM.Deploy.0 = Debug|ARM
		{A53AE314-C3BA-4E15-AAC0-09AC6586606C}.Debug|iPhone.ActiveCfg = Debug|x86
		{A53AE314-C3BA-4E15-AAC0-09AC6586606C}.Debug|iPhone.Build.0 = Debug|x86
		{A53AE314-C3BA-4E15-AAC0-09AC6586606C}.Debug|iPhone.Deploy.0 = Debug|x86
		{A53AE314-C3BA-4E15-AAC0-09AC6586606C}.Debug|iPhoneSimulator.ActiveCfg = Debug|x86
		{A53AE314-C3BA-4E15-AAC0-09AC6586606C}.Debug|iPhoneSimulator.Build.0 = Debug|x86
		{A53AE314-C3BA-4E15-AAC0-09AC6586606C}.Debug|iPhoneSimulator.Deploy.0 = Debug|x86
		{A53AE314-C3BA-4E15-AAC0-09AC6586606C}.Debug|x64.ActiveCfg = Debug|x64
		{A53AE314-C3BA-4E15-AAC0-09AC6586606C}.Debug|x64.Build.0 = Debug|x64
		{A53AE314-C3BA-4E15-AAC0-09AC6586606C}.Debug|x64.Deploy.0 = Debug|x64
		{A53AE314-C3BA-4E15-AAC0-09AC6586606C}.Debug|x86.ActiveCfg = Debug|x86
		{A53AE314-C3BA-4E15-AAC0-09AC6586606C}.Debug|x86.Build.0 = Debug|x86
		{A53AE314-C3BA-4E15-AAC0-09AC6586606C}.Debug|x86.Deploy.0 = Debug|x86
		{A53AE314-C3BA-4E15-AAC0-09AC6586606C}.Release|Any CPU.ActiveCfg = Release|x86
		{A53AE314-C3BA-4E15-AAC0-09AC6586606C}.Release|Any CPU.Build.0 = Release|x86
		{A53AE314-C3BA-4E15-AAC0-09AC6586606C}.Release|Any CPU.Deploy.0 = Release|x86
		{A53AE314-C3BA-4E15-AAC0-09AC6586606C}.Release|ARM.ActiveCfg = Release|ARM
		{A53AE314-C3BA-4E15-AAC0-09AC6586606C}.Release|ARM.Build.0 = Release|ARM
		{A53AE314-C3BA-4E15-AAC0-09AC6586606C}.Release|ARM.Deploy.0 = Release|ARM
		{A53AE314-C3BA-4E15-AAC0-09AC6586606C}.Release|iPhone.ActiveCfg = Release|x86
		{A53AE314-C3BA-4E15-AAC0-09AC6586606C}.Release|iPhone.Build.0 = Release|x86
		{A53AE314-C3BA-4E15-AAC0-09AC6586606C}.Release|iPhone.Deploy.0 = Release|x86
		{A53AE314-C3BA-4E15-AAC0-09AC6586606C}.Release|iPhoneSimulator.ActiveCfg = Release|x86
		{A53AE314-C3BA-4E15-AAC0-09AC6586606C}.Release|iPhoneSimulator.Build.0 = Release|x86
		{A53AE314-C3BA-4E15-AAC0-09AC6586606C}.Release|iPhoneSimulator.Deploy.0 = Release|x86
		{A53AE314-C3BA-4E15-AAC0-09AC6586606C}.Release|x64.ActiveCfg = Release|x64
		{A53AE314-C3BA-4E15-AAC0-09AC6586606C}.Release|x64.Build.0 = Release|x64
		{A53AE314-C3BA-4E15-AAC0-09AC6586606C}.Release|x64.Deploy.0 = Release|x64
		{A53AE314-C3BA-4E15-AAC0-09AC6586606C}.Release|x86.ActiveCfg = Release|x86
		{A53AE314-C3BA-4E15-AAC0-09AC6586606C}.Release|x86.Build.0 = Release|x86
		{A53AE314-C3BA-4E15-AAC0-09AC6586606C}.Release|x86.Deploy.0 = Release|x86
		{A938BDDB-B12A-49B9-AD85-7BC62E9E7ECF}.Debug|Any CPU.ActiveCfg = Debug|Any CPU
		{A938BDDB-B12A-49B9-AD85-7BC62E9E7ECF}.Debug|Any CPU.Build.0 = Debug|Any CPU
		{A938BDDB-B12A-49B9-AD85-7BC62E9E7ECF}.Debug|Any CPU.Deploy.0 = Debug|Any CPU
		{A938BDDB-B12A-49B9-AD85-7BC62E9E7ECF}.Debug|ARM.ActiveCfg = Debug|Any CPU
		{A938BDDB-B12A-49B9-AD85-7BC62E9E7ECF}.Debug|ARM.Build.0 = Debug|Any CPU
		{A938BDDB-B12A-49B9-AD85-7BC62E9E7ECF}.Debug|ARM.Deploy.0 = Debug|Any CPU
		{A938BDDB-B12A-49B9-AD85-7BC62E9E7ECF}.Debug|iPhone.ActiveCfg = Debug|Any CPU
		{A938BDDB-B12A-49B9-AD85-7BC62E9E7ECF}.Debug|iPhone.Build.0 = Debug|Any CPU
		{A938BDDB-B12A-49B9-AD85-7BC62E9E7ECF}.Debug|iPhone.Deploy.0 = Debug|Any CPU
		{A938BDDB-B12A-49B9-AD85-7BC62E9E7ECF}.Debug|iPhoneSimulator.ActiveCfg = Debug|Any CPU
		{A938BDDB-B12A-49B9-AD85-7BC62E9E7ECF}.Debug|iPhoneSimulator.Build.0 = Debug|Any CPU
		{A938BDDB-B12A-49B9-AD85-7BC62E9E7ECF}.Debug|iPhoneSimulator.Deploy.0 = Debug|Any CPU
		{A938BDDB-B12A-49B9-AD85-7BC62E9E7ECF}.Debug|x64.ActiveCfg = Debug|Any CPU
		{A938BDDB-B12A-49B9-AD85-7BC62E9E7ECF}.Debug|x64.Build.0 = Debug|Any CPU
		{A938BDDB-B12A-49B9-AD85-7BC62E9E7ECF}.Debug|x64.Deploy.0 = Debug|Any CPU
		{A938BDDB-B12A-49B9-AD85-7BC62E9E7ECF}.Debug|x86.ActiveCfg = Debug|Any CPU
		{A938BDDB-B12A-49B9-AD85-7BC62E9E7ECF}.Debug|x86.Build.0 = Debug|Any CPU
		{A938BDDB-B12A-49B9-AD85-7BC62E9E7ECF}.Debug|x86.Deploy.0 = Debug|Any CPU
		{A938BDDB-B12A-49B9-AD85-7BC62E9E7ECF}.Release|Any CPU.ActiveCfg = Release|Any CPU
		{A938BDDB-B12A-49B9-AD85-7BC62E9E7ECF}.Release|Any CPU.Build.0 = Release|Any CPU
		{A938BDDB-B12A-49B9-AD85-7BC62E9E7ECF}.Release|Any CPU.Deploy.0 = Release|Any CPU
		{A938BDDB-B12A-49B9-AD85-7BC62E9E7ECF}.Release|ARM.ActiveCfg = Release|Any CPU
		{A938BDDB-B12A-49B9-AD85-7BC62E9E7ECF}.Release|ARM.Build.0 = Release|Any CPU
		{A938BDDB-B12A-49B9-AD85-7BC62E9E7ECF}.Release|ARM.Deploy.0 = Release|Any CPU
		{A938BDDB-B12A-49B9-AD85-7BC62E9E7ECF}.Release|iPhone.ActiveCfg = Release|Any CPU
		{A938BDDB-B12A-49B9-AD85-7BC62E9E7ECF}.Release|iPhone.Build.0 = Release|Any CPU
		{A938BDDB-B12A-49B9-AD85-7BC62E9E7ECF}.Release|iPhone.Deploy.0 = Release|Any CPU
		{A938BDDB-B12A-49B9-AD85-7BC62E9E7ECF}.Release|iPhoneSimulator.ActiveCfg = Release|Any CPU
		{A938BDDB-B12A-49B9-AD85-7BC62E9E7ECF}.Release|iPhoneSimulator.Build.0 = Release|Any CPU
		{A938BDDB-B12A-49B9-AD85-7BC62E9E7ECF}.Release|iPhoneSimulator.Deploy.0 = Release|Any CPU
		{A938BDDB-B12A-49B9-AD85-7BC62E9E7ECF}.Release|x64.ActiveCfg = Release|Any CPU
		{A938BDDB-B12A-49B9-AD85-7BC62E9E7ECF}.Release|x64.Build.0 = Release|Any CPU
		{A938BDDB-B12A-49B9-AD85-7BC62E9E7ECF}.Release|x64.Deploy.0 = Release|Any CPU
		{A938BDDB-B12A-49B9-AD85-7BC62E9E7ECF}.Release|x86.ActiveCfg = Release|Any CPU
		{A938BDDB-B12A-49B9-AD85-7BC62E9E7ECF}.Release|x86.Build.0 = Release|Any CPU
		{A938BDDB-B12A-49B9-AD85-7BC62E9E7ECF}.Release|x86.Deploy.0 = Release|Any CPU
		{DDABDA75-DCAD-48C2-87A3-A1981BEA6782}.Debug|Any CPU.ActiveCfg = Debug|iPhoneSimulator
		{DDABDA75-DCAD-48C2-87A3-A1981BEA6782}.Debug|Any CPU.Build.0 = Debug|iPhoneSimulator
		{DDABDA75-DCAD-48C2-87A3-A1981BEA6782}.Debug|Any CPU.Deploy.0 = Debug|iPhoneSimulator
		{DDABDA75-DCAD-48C2-87A3-A1981BEA6782}.Debug|ARM.ActiveCfg = Debug|iPhone
		{DDABDA75-DCAD-48C2-87A3-A1981BEA6782}.Debug|ARM.Build.0 = Debug|iPhone
		{DDABDA75-DCAD-48C2-87A3-A1981BEA6782}.Debug|ARM.Deploy.0 = Debug|iPhone
		{DDABDA75-DCAD-48C2-87A3-A1981BEA6782}.Debug|iPhone.ActiveCfg = Debug|iPhone
		{DDABDA75-DCAD-48C2-87A3-A1981BEA6782}.Debug|iPhone.Build.0 = Debug|iPhone
		{DDABDA75-DCAD-48C2-87A3-A1981BEA6782}.Debug|iPhone.Deploy.0 = Debug|iPhone
		{DDABDA75-DCAD-48C2-87A3-A1981BEA6782}.Debug|iPhoneSimulator.ActiveCfg = Debug|iPhoneSimulator
		{DDABDA75-DCAD-48C2-87A3-A1981BEA6782}.Debug|iPhoneSimulator.Build.0 = Debug|iPhoneSimulator
		{DDABDA75-DCAD-48C2-87A3-A1981BEA6782}.Debug|iPhoneSimulator.Deploy.0 = Debug|iPhoneSimulator
		{DDABDA75-DCAD-48C2-87A3-A1981BEA6782}.Debug|x64.ActiveCfg = Debug|iPhoneSimulator
		{DDABDA75-DCAD-48C2-87A3-A1981BEA6782}.Debug|x64.Build.0 = Debug|iPhoneSimulator
		{DDABDA75-DCAD-48C2-87A3-A1981BEA6782}.Debug|x64.Deploy.0 = Debug|iPhoneSimulator
		{DDABDA75-DCAD-48C2-87A3-A1981BEA6782}.Debug|x86.ActiveCfg = Debug|iPhoneSimulator
		{DDABDA75-DCAD-48C2-87A3-A1981BEA6782}.Debug|x86.Build.0 = Debug|iPhoneSimulator
		{DDABDA75-DCAD-48C2-87A3-A1981BEA6782}.Debug|x86.Deploy.0 = Debug|iPhoneSimulator
		{DDABDA75-DCAD-48C2-87A3-A1981BEA6782}.Release|Any CPU.ActiveCfg = Release|iPhoneSimulator
		{DDABDA75-DCAD-48C2-87A3-A1981BEA6782}.Release|Any CPU.Build.0 = Release|iPhoneSimulator
		{DDABDA75-DCAD-48C2-87A3-A1981BEA6782}.Release|Any CPU.Deploy.0 = Release|iPhoneSimulator
		{DDABDA75-DCAD-48C2-87A3-A1981BEA6782}.Release|ARM.ActiveCfg = Release|iPhoneSimulator
		{DDABDA75-DCAD-48C2-87A3-A1981BEA6782}.Release|ARM.Build.0 = Release|iPhoneSimulator
		{DDABDA75-DCAD-48C2-87A3-A1981BEA6782}.Release|ARM.Deploy.0 = Release|iPhoneSimulator
		{DDABDA75-DCAD-48C2-87A3-A1981BEA6782}.Release|iPhone.ActiveCfg = Release|iPhone
		{DDABDA75-DCAD-48C2-87A3-A1981BEA6782}.Release|iPhone.Build.0 = Release|iPhone
		{DDABDA75-DCAD-48C2-87A3-A1981BEA6782}.Release|iPhone.Deploy.0 = Release|iPhone
		{DDABDA75-DCAD-48C2-87A3-A1981BEA6782}.Release|iPhoneSimulator.ActiveCfg = Release|iPhoneSimulator
		{DDABDA75-DCAD-48C2-87A3-A1981BEA6782}.Release|iPhoneSimulator.Build.0 = Release|iPhoneSimulator
		{DDABDA75-DCAD-48C2-87A3-A1981BEA6782}.Release|iPhoneSimulator.Deploy.0 = Release|iPhoneSimulator
		{DDABDA75-DCAD-48C2-87A3-A1981BEA6782}.Release|x64.ActiveCfg = Release|iPhoneSimulator
		{DDABDA75-DCAD-48C2-87A3-A1981BEA6782}.Release|x64.Build.0 = Release|iPhoneSimulator
		{DDABDA75-DCAD-48C2-87A3-A1981BEA6782}.Release|x64.Deploy.0 = Release|iPhoneSimulator
		{DDABDA75-DCAD-48C2-87A3-A1981BEA6782}.Release|x86.ActiveCfg = Release|iPhoneSimulator
		{DDABDA75-DCAD-48C2-87A3-A1981BEA6782}.Release|x86.Build.0 = Release|iPhoneSimulator
		{DDABDA75-DCAD-48C2-87A3-A1981BEA6782}.Release|x86.Deploy.0 = Release|iPhoneSimulator
		{5A0D422F-AA12-480F-8D42-ED8C3A2EB94C}.Debug|Any CPU.ActiveCfg = Debug|Any CPU
		{5A0D422F-AA12-480F-8D42-ED8C3A2EB94C}.Debug|Any CPU.Build.0 = Debug|Any CPU
		{5A0D422F-AA12-480F-8D42-ED8C3A2EB94C}.Debug|Any CPU.Deploy.0 = Debug|Any CPU
		{5A0D422F-AA12-480F-8D42-ED8C3A2EB94C}.Debug|ARM.ActiveCfg = Debug|Any CPU
		{5A0D422F-AA12-480F-8D42-ED8C3A2EB94C}.Debug|ARM.Build.0 = Debug|Any CPU
		{5A0D422F-AA12-480F-8D42-ED8C3A2EB94C}.Debug|ARM.Deploy.0 = Debug|Any CPU
		{5A0D422F-AA12-480F-8D42-ED8C3A2EB94C}.Debug|iPhone.ActiveCfg = Debug|Any CPU
		{5A0D422F-AA12-480F-8D42-ED8C3A2EB94C}.Debug|iPhone.Build.0 = Debug|Any CPU
		{5A0D422F-AA12-480F-8D42-ED8C3A2EB94C}.Debug|iPhone.Deploy.0 = Debug|Any CPU
		{5A0D422F-AA12-480F-8D42-ED8C3A2EB94C}.Debug|iPhoneSimulator.ActiveCfg = Debug|Any CPU
		{5A0D422F-AA12-480F-8D42-ED8C3A2EB94C}.Debug|iPhoneSimulator.Build.0 = Debug|Any CPU
		{5A0D422F-AA12-480F-8D42-ED8C3A2EB94C}.Debug|iPhoneSimulator.Deploy.0 = Debug|Any CPU
		{5A0D422F-AA12-480F-8D42-ED8C3A2EB94C}.Debug|x64.ActiveCfg = Debug|Any CPU
		{5A0D422F-AA12-480F-8D42-ED8C3A2EB94C}.Debug|x64.Build.0 = Debug|Any CPU
		{5A0D422F-AA12-480F-8D42-ED8C3A2EB94C}.Debug|x64.Deploy.0 = Debug|Any CPU
		{5A0D422F-AA12-480F-8D42-ED8C3A2EB94C}.Debug|x86.ActiveCfg = Debug|Any CPU
		{5A0D422F-AA12-480F-8D42-ED8C3A2EB94C}.Debug|x86.Build.0 = Debug|Any CPU
		{5A0D422F-AA12-480F-8D42-ED8C3A2EB94C}.Debug|x86.Deploy.0 = Debug|Any CPU
		{5A0D422F-AA12-480F-8D42-ED8C3A2EB94C}.Release|Any CPU.ActiveCfg = Release|Any CPU
		{5A0D422F-AA12-480F-8D42-ED8C3A2EB94C}.Release|Any CPU.Build.0 = Release|Any CPU
		{5A0D422F-AA12-480F-8D42-ED8C3A2EB94C}.Release|Any CPU.Deploy.0 = Release|Any CPU
		{5A0D422F-AA12-480F-8D42-ED8C3A2EB94C}.Release|ARM.ActiveCfg = Release|Any CPU
		{5A0D422F-AA12-480F-8D42-ED8C3A2EB94C}.Release|ARM.Build.0 = Release|Any CPU
		{5A0D422F-AA12-480F-8D42-ED8C3A2EB94C}.Release|ARM.Deploy.0 = Release|Any CPU
		{5A0D422F-AA12-480F-8D42-ED8C3A2EB94C}.Release|iPhone.ActiveCfg = Release|Any CPU
		{5A0D422F-AA12-480F-8D42-ED8C3A2EB94C}.Release|iPhone.Build.0 = Release|Any CPU
		{5A0D422F-AA12-480F-8D42-ED8C3A2EB94C}.Release|iPhone.Deploy.0 = Release|Any CPU
		{5A0D422F-AA12-480F-8D42-ED8C3A2EB94C}.Release|iPhoneSimulator.ActiveCfg = Release|Any CPU
		{5A0D422F-AA12-480F-8D42-ED8C3A2EB94C}.Release|iPhoneSimulator.Build.0 = Release|Any CPU
		{5A0D422F-AA12-480F-8D42-ED8C3A2EB94C}.Release|iPhoneSimulator.Deploy.0 = Release|Any CPU
		{5A0D422F-AA12-480F-8D42-ED8C3A2EB94C}.Release|x64.ActiveCfg = Release|Any CPU
		{5A0D422F-AA12-480F-8D42-ED8C3A2EB94C}.Release|x64.Build.0 = Release|Any CPU
		{5A0D422F-AA12-480F-8D42-ED8C3A2EB94C}.Release|x64.Deploy.0 = Release|Any CPU
		{5A0D422F-AA12-480F-8D42-ED8C3A2EB94C}.Release|x86.ActiveCfg = Release|Any CPU
		{5A0D422F-AA12-480F-8D42-ED8C3A2EB94C}.Release|x86.Build.0 = Release|Any CPU
		{5A0D422F-AA12-480F-8D42-ED8C3A2EB94C}.Release|x86.Deploy.0 = Release|Any CPU
		{EDD63903-2BE7-460C-9543-13AF3384B5BB}.Debug|Any CPU.ActiveCfg = Debug|Any CPU
		{EDD63903-2BE7-460C-9543-13AF3384B5BB}.Debug|Any CPU.Build.0 = Debug|Any CPU
		{EDD63903-2BE7-460C-9543-13AF3384B5BB}.Debug|ARM.ActiveCfg = Debug|Any CPU
		{EDD63903-2BE7-460C-9543-13AF3384B5BB}.Debug|ARM.Build.0 = Debug|Any CPU
		{EDD63903-2BE7-460C-9543-13AF3384B5BB}.Debug|iPhone.ActiveCfg = Debug|Any CPU
		{EDD63903-2BE7-460C-9543-13AF3384B5BB}.Debug|iPhone.Build.0 = Debug|Any CPU
		{EDD63903-2BE7-460C-9543-13AF3384B5BB}.Debug|iPhoneSimulator.ActiveCfg = Debug|Any CPU
		{EDD63903-2BE7-460C-9543-13AF3384B5BB}.Debug|iPhoneSimulator.Build.0 = Debug|Any CPU
		{EDD63903-2BE7-460C-9543-13AF3384B5BB}.Debug|x64.ActiveCfg = Debug|Any CPU
		{EDD63903-2BE7-460C-9543-13AF3384B5BB}.Debug|x64.Build.0 = Debug|Any CPU
		{EDD63903-2BE7-460C-9543-13AF3384B5BB}.Debug|x86.ActiveCfg = Debug|Any CPU
		{EDD63903-2BE7-460C-9543-13AF3384B5BB}.Debug|x86.Build.0 = Debug|Any CPU
		{EDD63903-2BE7-460C-9543-13AF3384B5BB}.Release|Any CPU.ActiveCfg = Release|Any CPU
		{EDD63903-2BE7-460C-9543-13AF3384B5BB}.Release|Any CPU.Build.0 = Release|Any CPU
		{EDD63903-2BE7-460C-9543-13AF3384B5BB}.Release|ARM.ActiveCfg = Release|Any CPU
		{EDD63903-2BE7-460C-9543-13AF3384B5BB}.Release|ARM.Build.0 = Release|Any CPU
		{EDD63903-2BE7-460C-9543-13AF3384B5BB}.Release|iPhone.ActiveCfg = Release|Any CPU
		{EDD63903-2BE7-460C-9543-13AF3384B5BB}.Release|iPhone.Build.0 = Release|Any CPU
		{EDD63903-2BE7-460C-9543-13AF3384B5BB}.Release|iPhoneSimulator.ActiveCfg = Release|Any CPU
		{EDD63903-2BE7-460C-9543-13AF3384B5BB}.Release|iPhoneSimulator.Build.0 = Release|Any CPU
		{EDD63903-2BE7-460C-9543-13AF3384B5BB}.Release|x64.ActiveCfg = Release|Any CPU
		{EDD63903-2BE7-460C-9543-13AF3384B5BB}.Release|x64.Build.0 = Release|Any CPU
		{EDD63903-2BE7-460C-9543-13AF3384B5BB}.Release|x86.ActiveCfg = Release|Any CPU
		{EDD63903-2BE7-460C-9543-13AF3384B5BB}.Release|x86.Build.0 = Release|Any CPU
	EndGlobalSection
	GlobalSection(SolutionProperties) = preSolution
		HideSolutionNode = FALSE
	EndGlobalSection
	GlobalSection(ExtensibilityGlobals) = postSolution
		SolutionGuid = {8AFBFB4A-ABED-4368-93F0-2777AAA662D8}
	EndGlobalSection
EndGlobal
